
Microsoft Visual Studio Solution File, Format Version 12.00
# Visual Studio 15
Project("{FAE04EC0-301F-11D3-BF4B-00C04F79EFBC}") = "Assembly-CSharp", "Assembly-CSharp.csproj", "{249E2041-47A2-5B0C-7BDA-0B4202C8C04B}"
EndProject
Global
	GlobalSection(SolutionConfigurationPlatforms) = preSolution
		Debug|Any CPU = Debug|Any CPU
		Release|Any CPU = Release|Any CPU
	EndGlobalSection
	GlobalSection(ProjectConfigurationPlatforms) = postSolution
		{249E2041-47A2-5B0C-7BDA-0B4202C8C04B}.Debug|Any CPU.ActiveCfg = Debug|Any CPU
		{249E2041-47A2-5B0C-7BDA-0B4202C8C04B}.Debug|Any CPU.Build.0 = Debug|Any CPU
		{249E2041-47A2-5B0C-7BDA-0B4202C8C04B}.Release|Any CPU.ActiveCfg = Release|Any CPU
		{249E2041-47A2-5B0C-7BDA-0B4202C8C04B}.Release|Any CPU.Build.0 = Release|Any CPU
	EndGlobalSection
	GlobalSection(SolutionProperties) = preSolution
		HideSolutionNode = FALSE
	EndGlobalSection
EndGlobal
